
Microsoft Visual Studio Solution File, Format Version 12.00
# Visual Studio Version 17
VisualStudioVersion = 17.13.35919.96 d17.13
MinimumVisualStudioVersion = 10.0.40219.1
Project("{FAE04EC0-301F-11D3-BF4B-00C04F79EFBC}") = "CountryStateJwtAuthenticationWebApi", "CountryStateJwtAuthenticationWebApi\CountryStateJwtAuthenticationWebApi.csproj", "{0EC877AC-7CE5-47D2-AA72-AB266E3E70E4}"
EndProject
Project("{FAE04EC0-301F-11D3-BF4B-00C04F79EFBC}") = "ConnectionCachcadingWithWebApi", "ConnectionCachcadingWithWebApi\ConnectionCachcadingWithWebApi.csproj", "{56CDC4C1-7D35-400C-A15D-DFD9290A6430}"
EndProject
Global
	GlobalSection(SolutionConfigurationPlatforms) = preSolution
		Debug|Any CPU = Debug|Any CPU
		Release|Any CPU = Release|Any CPU
	EndGlobalSection
	GlobalSection(ProjectConfigurationPlatforms) = postSolution
		{0EC877AC-7CE5-47D2-AA72-AB266E3E70E4}.Debug|Any CPU.ActiveCfg = Debug|Any CPU
		{0EC877AC-7CE5-47D2-AA72-AB266E3E70E4}.Debug|Any CPU.Build.0 = Debug|Any CPU
		{0EC877AC-7CE5-47D2-AA72-AB266E3E70E4}.Release|Any CPU.ActiveCfg = Release|Any CPU
		{0EC877AC-7CE5-47D2-AA72-AB266E3E70E4}.Release|Any CPU.Build.0 = Release|Any CPU
		{56CDC4C1-7D35-400C-A15D-DFD9290A6430}.Debug|Any CPU.ActiveCfg = Debug|Any CPU
		{56CDC4C1-7D35-400C-A15D-DFD9290A6430}.Debug|Any CPU.Build.0 = Debug|Any CPU
		{56CDC4C1-7D35-400C-A15D-DFD9290A6430}.Release|Any CPU.ActiveCfg = Release|Any CPU
		{56CDC4C1-7D35-400C-A15D-DFD9290A6430}.Release|Any CPU.Build.0 = Release|Any CPU
	EndGlobalSection
	GlobalSection(SolutionProperties) = preSolution
		HideSolutionNode = FALSE
	EndGlobalSection
	GlobalSection(ExtensibilityGlobals) = postSolution
		SolutionGuid = {D4B09882-21F8-4333-BBE5-C2E9F9855238}
	EndGlobalSection
EndGlobal
